
Microsoft Visual Studio Solution File, Format Version 12.00
# Visual Studio Version 16
VisualStudioVersion = 16.0.30523.141
MinimumVisualStudioVersion = 10.0.40219.1
Project("{FAE04EC0-301F-11D3-BF4B-00C04F79EFBC}") = "RandomQuestion", "RandomQuestion\RandomQuestion.csproj", "{15DE3264-AF58-4767-BFAA-20AE677D43E3}"
EndProject
Global
	GlobalSection(SolutionConfigurationPlatforms) = preSolution
		Debug|Any CPU = Debug|Any CPU
		Release|Any CPU = Release|Any CPU
	EndGlobalSection
	GlobalSection(ProjectConfigurationPlatforms) = postSolution
		{15DE3264-AF58-4767-BFAA-20AE677D43E3}.Debug|Any CPU.ActiveCfg = Debug|Any CPU
		{15DE3264-AF58-4767-BFAA-20AE677D43E3}.Debug|Any CPU.Build.0 = Debug|Any CPU
		{15DE3264-AF58-4767-BFAA-20AE677D43E3}.Release|Any CPU.ActiveCfg = Release|Any CPU
		{15DE3264-AF58-4767-BFAA-20AE677D43E3}.Release|Any CPU.Build.0 = Release|Any CPU
	EndGlobalSection
	GlobalSection(SolutionProperties) = preSolution
		HideSolutionNode = FALSE
	EndGlobalSection
	GlobalSection(ExtensibilityGlobals) = postSolution
		SolutionGuid = {A48CE8DF-7626-405E-84E4-5547EB84A3C5}
	EndGlobalSection
EndGlobal
